<?xml version="1.0" encoding="utf-8"?>
<Project ToolsVersion="4.0" xmlns="http://schemas.microsoft.com/developer/msbuild/2003">
  <ItemGroup>
    <Filter Include="Source Files">
      <UniqueIdentifier>{4FC737F1-C7A5-4376-A066-2A32D752A2FF}</UniqueIdentifier>
      <Extensions>cpp;c;cc;cxx;c++;cppm;ixx;def;odl;idl;hpj;bat;asm;asmx</Extensions>
    </Filter>
    <Filter Include="Header Files">
      <UniqueIdentifier>{93995380-89BD-4b04-88EB-625FBE52EBFB}</UniqueIdentifier>
      <Extensions>h;hh;hpp;hxx;h++;hm;inl;inc;ipp;xsd</Extensions>
    </Filter>
    <Filter Include="Resource Files">
      <UniqueIdentifier>{67DA6AB6-F800-4c08-8B7A-83BB121AAD01}</UniqueIdentifier>
      <Extensions>rc;ico;cur;bmp;dlg;rc2;rct;bin;rgs;gif;jpg;jpeg;jpe;resx;tiff;tif;png;wav;mfcribbon-ms</Extensions>
    </Filter>
  </ItemGroup>
  <ItemGroup>
    <ClCompile Include="src\main.cpp">
      <Filter>Source Files</Filter>
    </ClCompile>
    <ClCompile Include="vendor\glad\glad.c">
      <Filter>Source Files</Filter>
    </ClCompile>
    <ClCompile Include="vendor\stb_image\stb_image.cpp">
      <Filter>Source Files</Filter>
    </ClCompile>
    <ClCompile Include="src\objects.cpp">
      <Filter>Source Files</Filter>
    </ClCompile>
    <ClCompile Include="vendor\imgui\imgui.cpp">
      <Filter>Source Files</Filter>
    </ClCompile>
    <ClCompile Include="vendor\imgui\imgui_demo.cpp">
      <Filter>Source Files</Filter>
    </ClCompile>
    <ClCompile Include="vendor\imgui\imgui_draw.cpp">
      <Filter>Source Files</Filter>
    </ClCompile>
    <ClCompile Include="vendor\imgui\imgui_tables.cpp">
      <Filter>Source Files</Filter>
    </ClCompile>
    <ClCompile Include="vendor\imgui\imgui_widgets.cpp">
      <Filter>Source Files</Filter>
    </ClCompile>
    <ClCompile Include="vendor\imgui\imgui_impl_glfw.cpp">
      <Filter>Source Files</Filter>
    </ClCompile>
    <ClCompile Include="vendor\imgui\imgui_impl_opengl3.cpp">
      <Filter>Source Files</Filter>
    </ClCompile>
    <ClCompile Include="src\camera.cpp">
      <Filter>Source Files</Filter>
    </ClCompile>
    <ClCompile Include="src\light.cpp">
      <Filter>Source Files</Filter>
    </ClCompile>
    <ClCompile Include="src\shader.cpp">
      <Filter>Source Files</Filter>
    </ClCompile>
    <ClCompile Include="src\utils.cpp">
      <Filter>Source Files</Filter>
    </ClCompile>
    <ClCompile Include="src\gldebugger.cpp">
      <Filter>Source Files</Filter>
    </ClCompile>
    <ClCompile Include="src\input.cpp">
      <Filter>Source Files</Filter>
    </ClCompile>
  </ItemGroup>
  <ItemGroup>
    <None Include="assets\shaders\unlit\FragmentShaderTex.frag">
      <Filter>Source Files</Filter>
    </None>
    <None Include="assets\shaders\unlit\VertexShaderTex.vert">
      <Filter>Source Files</Filter>
    </None>
    <None Include="assets\shaders\lit\FragmentShader.frag" />
    <None Include="assets\shaders\lit\VertexShader.vert" />
    <None Include="assets\shaders\lighting\FragmentShader.frag" />
    <None Include="assets\shaders\lighting\VertexShader.vert" />
    <None Include="assets\shaders\gourand\FragmentShader.frag" />
    <None Include="assets\shaders\gourand\VertexShader.vert" />
    <None Include="assets\shaders\lit\FragmentShaderTex.frag" />
    <None Include="assets\shaders\lit\VertexShaderTex.vert" />
    <None Include="assets\shaders\depth\LinearDepth.frag" />
    <None Include="assets\shaders\unlit\FragmentShader.frag" />
    <None Include="assets\shaders\unlit\VertexShader.vert" />
    <None Include="assets\shaders\skybox\FragmentShader.frag" />
    <None Include="assets\shaders\skybox\VertexShader.vert" />
  </ItemGroup>
  <ItemGroup>
    <ClInclude Include="vendor\stb_image\stb_image.h">
      <Filter>Source Files</Filter>
    </ClInclude>
    <ClInclude Include="include\camera.h">
      <Filter>Header Files</Filter>
    </ClInclude>
    <ClInclude Include="include\shader.h">
      <Filter>Header Files</Filter>
    </ClInclude>
    <ClInclude Include="include\light.h">
      <Filter>Header Files</Filter>
    </ClInclude>
    <ClInclude Include="include\objects.h">
      <Filter>Header Files</Filter>
    </ClInclude>
    <ClInclude Include="vendor\imgui\imconfig.h">
      <Filter>Header Files</Filter>
    </ClInclude>
    <ClInclude Include="vendor\imgui\imgui.h">
      <Filter>Header Files</Filter>
    </ClInclude>
    <ClInclude Include="vendor\imgui\imgui_internal.h">
      <Filter>Header Files</Filter>
    </ClInclude>
    <ClInclude Include="vendor\imgui\imstb_rectpack.h">
      <Filter>Header Files</Filter>
    </ClInclude>
    <ClInclude Include="vendor\imgui\imstb_textedit.h">
      <Filter>Header Files</Filter>
    </ClInclude>
    <ClInclude Include="vendor\imgui\imstb_truetype.h">
      <Filter>Header Files</Filter>
    </ClInclude>
    <ClInclude Include="vendor\imgui\imgui_impl_glfw.h">
      <Filter>Header Files</Filter>
    </ClInclude>
    <ClInclude Include="vendor\imgui\imgui_impl_opengl3.h">
      <Filter>Header Files</Filter>
    </ClInclude>
    <ClInclude Include="vendor\imgui\imgui_impl_opengl3_loader.h">
      <Filter>Header Files</Filter>
    </ClInclude>
    <ClInclude Include="include\main.h">
      <Filter>Header Files</Filter>
    </ClInclude>
    <ClInclude Include="vendor\glad\glad.h">
      <Filter>Header Files</Filter>
    </ClInclude>
    <ClInclude Include="vendor\GLFW\glfw3.h">
      <Filter>Header Files</Filter>
    </ClInclude>
    <ClInclude Include="vendor\GLFW\glfw3native.h">
      <Filter>Header Files</Filter>
    </ClInclude>
    <ClInclude Include="include\utils.h">
      <Filter>Header Files</Filter>
    </ClInclude>
    <ClInclude Include="include\gldebugger.h">
      <Filter>Header Files</Filter>
    </ClInclude>
    <ClInclude Include="include\input.h">
      <Filter>Header Files</Filter>
    </ClInclude>
  </ItemGroup>
  <ItemGroup>
    <Image Include="assets\textures\container.jpg">
      <Filter>Source Files</Filter>
    </Image>
    <Image Include="assets\textures\awesomeface.png">
      <Filter>Resource Files</Filter>
    </Image>
    <Image Include="assets\textures\container2.png">
      <Filter>Resource Files</Filter>
    </Image>
    <Image Include="assets\textures\container2_specular.png">
      <Filter>Resource Files</Filter>
    </Image>
    <Image Include="assets\textures\container2_emission.jpg">
      <Filter>Resource Files</Filter>
    </Image>
    <Image Include="assets\textures\skybox\back.png">
      <Filter>Resource Files</Filter>
    </Image>
    <Image Include="assets\textures\skybox\bottom.png">
      <Filter>Resource Files</Filter>
    </Image>
    <Image Include="assets\textures\skybox\front.png">
      <Filter>Resource Files</Filter>
    </Image>
    <Image Include="assets\textures\skybox\left.png">
      <Filter>Resource Files</Filter>
    </Image>
    <Image Include="assets\textures\skybox\right.png">
      <Filter>Resource Files</Filter>
    </Image>
    <Image Include="assets\textures\skybox\top.png">
      <Filter>Resource Files</Filter>
    </Image>
  </ItemGroup>
</Project>